
Microsoft Visual Studio Solution File, Format Version 12.00
# Visual Studio Version 16
VisualStudioVersion = 16.0.29411.108
MinimumVisualStudioVersion = 10.0.40219.1
Project("{FAE04EC0-301F-11D3-BF4B-00C04F79EFBC}") = "utravel.Android", "utravel.Android\utravel.Android.csproj", "{24E65101-3C09-4A7F-922D-48756D330484}"
EndProject
Project("{FAE04EC0-301F-11D3-BF4B-00C04F79EFBC}") = "utravel.iOS", "utravel.iOS\utravel.iOS.csproj", "{D42F6A7A-5C8D-4684-BC9A-E136E32A9C82}"
EndProject
Project("{9A19103F-16F7-4668-BE54-9A1E7A4F7556}") = "utravel", "utravel\utravel.csproj", "{453341AA-9244-48F0-BEA8-A2CB1B332E18}"
EndProject
Global
	GlobalSection(SolutionConfigurationPlatforms) = preSolution
		Debug|Any CPU = Debug|Any CPU
		Debug|ARM = Debug|ARM
		Debug|iPhone = Debug|iPhone
		Debug|iPhoneSimulator = Debug|iPhoneSimulator
		Debug|x64 = Debug|x64
		Debug|x86 = Debug|x86
		Release|Any CPU = Release|Any CPU
		Release|ARM = Release|ARM
		Release|iPhone = Release|iPhone
		Release|iPhoneSimulator = Release|iPhoneSimulator
		Release|x64 = Release|x64
		Release|x86 = Release|x86
	EndGlobalSection
	GlobalSection(ProjectConfigurationPlatforms) = postSolution
		{24E65101-3C09-4A7F-922D-48756D330484}.Debug|Any CPU.ActiveCfg = Debug|Any CPU
		{24E65101-3C09-4A7F-922D-48756D330484}.Debug|Any CPU.Build.0 = Debug|Any CPU
		{24E65101-3C09-4A7F-922D-48756D330484}.Debug|Any CPU.Deploy.0 = Debug|Any CPU
		{24E65101-3C09-4A7F-922D-48756D330484}.Debug|ARM.ActiveCfg = Debug|Any CPU
		{24E65101-3C09-4A7F-922D-48756D330484}.Debug|ARM.Build.0 = Debug|Any CPU
		{24E65101-3C09-4A7F-922D-48756D330484}.Debug|ARM.Deploy.0 = Debug|Any CPU
		{24E65101-3C09-4A7F-922D-48756D330484}.Debug|iPhone.ActiveCfg = Debug|Any CPU
		{24E65101-3C09-4A7F-922D-48756D330484}.Debug|iPhone.Build.0 = Debug|Any CPU
		{24E65101-3C09-4A7F-922D-48756D330484}.Debug|iPhone.Deploy.0 = Debug|Any CPU
		{24E65101-3C09-4A7F-922D-48756D330484}.Debug|iPhoneSimulator.ActiveCfg = Debug|Any CPU
		{24E65101-3C09-4A7F-922D-48756D330484}.Debug|iPhoneSimulator.Build.0 = Debug|Any CPU
		{24E65101-3C09-4A7F-922D-48756D330484}.Debug|iPhoneSimulator.Deploy.0 = Debug|Any CPU
		{24E65101-3C09-4A7F-922D-48756D330484}.Debug|x64.ActiveCfg = Debug|Any CPU
		{24E65101-3C09-4A7F-922D-48756D330484}.Debug|x64.Build.0 = Debug|Any CPU
		{24E65101-3C09-4A7F-922D-48756D330484}.Debug|x64.Deploy.0 = Debug|Any CPU
		{24E65101-3C09-4A7F-922D-48756D330484}.Debug|x86.ActiveCfg = Debug|Any CPU
		{24E65101-3C09-4A7F-922D-48756D330484}.Debug|x86.Build.0 = Debug|Any CPU
		{24E65101-3C09-4A7F-922D-48756D330484}.Debug|x86.Deploy.0 = Debug|Any CPU
		{24E65101-3C09-4A7F-922D-48756D330484}.Release|Any CPU.ActiveCfg = Release|Any CPU
		{24E65101-3C09-4A7F-922D-48756D330484}.Release|Any CPU.Build.0 = Release|Any CPU
		{24E65101-3C09-4A7F-922D-48756D330484}.Release|Any CPU.Deploy.0 = Release|Any CPU
		{24E65101-3C09-4A7F-922D-48756D330484}.Release|ARM.ActiveCfg = Release|Any CPU
		{24E65101-3C09-4A7F-922D-48756D330484}.Release|ARM.Build.0 = Release|Any CPU
		{24E65101-3C09-4A7F-922D-48756D330484}.Release|ARM.Deploy.0 = Release|Any CPU
		{24E65101-3C09-4A7F-922D-48756D330484}.Release|iPhone.ActiveCfg = Release|Any CPU
		{24E65101-3C09-4A7F-922D-48756D330484}.Release|iPhone.Build.0 = Release|Any CPU
		{24E65101-3C09-4A7F-922D-48756D330484}.Release|iPhone.Deploy.0 = Release|Any CPU
		{24E65101-3C09-4A7F-922D-48756D330484}.Release|iPhoneSimulator.ActiveCfg = Release|Any CPU
		{24E65101-3C09-4A7F-922D-48756D330484}.Release|iPhoneSimulator.Build.0 = Release|Any CPU
		{24E65101-3C09-4A7F-922D-48756D330484}.Release|iPhoneSimulator.Deploy.0 = Release|Any CPU
		{24E65101-3C09-4A7F-922D-48756D330484}.Release|x64.ActiveCfg = Release|Any CPU
		{24E65101-3C09-4A7F-922D-48756D330484}.Release|x64.Build.0 = Release|Any CPU
		{24E65101-3C09-4A7F-922D-48756D330484}.Release|x64.Deploy.0 = Release|Any CPU
		{24E65101-3C09-4A7F-922D-48756D330484}.Release|x86.ActiveCfg = Release|Any CPU
		{24E65101-3C09-4A7F-922D-48756D330484}.Release|x86.Build.0 = Release|Any CPU
		{24E65101-3C09-4A7F-922D-48756D330484}.Release|x86.Deploy.0 = Release|Any CPU
		{D42F6A7A-5C8D-4684-BC9A-E136E32A9C82}.Debug|Any CPU.ActiveCfg = Debug|iPhone
		{D42F6A7A-5C8D-4684-BC9A-E136E32A9C82}.Debug|Any CPU.Build.0 = Debug|iPhone
		{D42F6A7A-5C8D-4684-BC9A-E136E32A9C82}.Debug|Any CPU.Deploy.0 = Debug|iPhone
		{D42F6A7A-5C8D-4684-BC9A-E136E32A9C82}.Debug|ARM.ActiveCfg = Debug|iPhoneSimulator
		{D42F6A7A-5C8D-4684-BC9A-E136E32A9C82}.Debug|ARM.Build.0 = Debug|iPhoneSimulator
		{D42F6A7A-5C8D-4684-BC9A-E136E32A9C82}.Debug|ARM.Deploy.0 = Debug|iPhoneSimulator
		{D42F6A7A-5C8D-4684-BC9A-E136E32A9C82}.Debug|iPhone.ActiveCfg = Debug|iPhone
		{D42F6A7A-5C8D-4684-BC9A-E136E32A9C82}.Debug|iPhone.Build.0 = Debug|iPhone
		{D42F6A7A-5C8D-4684-BC9A-E136E32A9C82}.Debug|iPhone.Deploy.0 = Debug|iPhone
		{D42F6A7A-5C8D-4684-BC9A-E136E32A9C82}.Debug|iPhoneSimulator.ActiveCfg = Debug|iPhoneSimulator
		{D42F6A7A-5C8D-4684-BC9A-E136E32A9C82}.Debug|iPhoneSimulator.Build.0 = Debug|iPhoneSimulator
		{D42F6A7A-5C8D-4684-BC9A-E136E32A9C82}.Debug|iPhoneSimulator.Deploy.0 = Debug|iPhoneSimulator
		{D42F6A7A-5C8D-4684-BC9A-E136E32A9C82}.Debug|x64.ActiveCfg = Debug|iPhone
		{D42F6A7A-5C8D-4684-BC9A-E136E32A9C82}.Debug|x64.Build.0 = Debug|iPhone
		{D42F6A7A-5C8D-4684-BC9A-E136E32A9C82}.Debug|x64.Deploy.0 = Debug|iPhone
		{D42F6A7A-5C8D-4684-BC9A-E136E32A9C82}.Debug|x86.ActiveCfg = Debug|iPhone
		{D42F6A7A-5C8D-4684-BC9A-E136E32A9C82}.Debug|x86.Build.0 = Debug|iPhone
		{D42F6A7A-5C8D-4684-BC9A-E136E32A9C82}.Debug|x86.Deploy.0 = Debug|iPhone
		{D42F6A7A-5C8D-4684-BC9A-E136E32A9C82}.Release|Any CPU.ActiveCfg = Release|iPhone
		{D42F6A7A-5C8D-4684-BC9A-E136E32A9C82}.Release|Any CPU.Build.0 = Release|iPhone
		{D42F6A7A-5C8D-4684-BC9A-E136E32A9C82}.Release|Any CPU.Deploy.0 = Release|iPhone
		{D42F6A7A-5C8D-4684-BC9A-E136E32A9C82}.Release|ARM.ActiveCfg = Release|iPhone
		{D42F6A7A-5C8D-4684-BC9A-E136E32A9C82}.Release|ARM.Build.0 = Release|iPhone
		{D42F6A7A-5C8D-4684-BC9A-E136E32A9C82}.Release|ARM.Deploy.0 = Release|iPhone
		{D42F6A7A-5C8D-4684-BC9A-E136E32A9C82}.Release|iPhone.ActiveCfg = Release|iPhone
		{D42F6A7A-5C8D-4684-BC9A-E136E32A9C82}.Release|iPhone.Build.0 = Release|iPhone
		{D42F6A7A-5C8D-4684-BC9A-E136E32A9C82}.Release|iPhone.Deploy.0 = Release|iPhone
		{D42F6A7A-5C8D-4684-BC9A-E136E32A9C82}.Release|iPhoneSimulator.ActiveCfg = Release|iPhoneSimulator
		{D42F6A7A-5C8D-4684-BC9A-E136E32A9C82}.Release|iPhoneSimulator.Build.0 = Release|iPhoneSimulator
		{D42F6A7A-5C8D-4684-BC9A-E136E32A9C82}.Release|iPhoneSimulator.Deploy.0 = Release|iPhoneSimulator
		{D42F6A7A-5C8D-4684-BC9A-E136E32A9C82}.Release|x64.ActiveCfg = Release|iPhone
		{D42F6A7A-5C8D-4684-BC9A-E136E32A9C82}.Release|x64.Build.0 = Release|iPhone
		{D42F6A7A-5C8D-4684-BC9A-E136E32A9C82}.Release|x64.Deploy.0 = Release|iPhone
		{D42F6A7A-5C8D-4684-BC9A-E136E32A9C82}.Release|x86.ActiveCfg = Release|iPhone
		{D42F6A7A-5C8D-4684-BC9A-E136E32A9C82}.Release|x86.Build.0 = Release|iPhone
		{D42F6A7A-5C8D-4684-BC9A-E136E32A9C82}.Release|x86.Deploy.0 = Release|iPhone
		{453341AA-9244-48F0-BEA8-A2CB1B332E18}.Debug|Any CPU.ActiveCfg = Debug|Any CPU
		{453341AA-9244-48F0-BEA8-A2CB1B332E18}.Debug|Any CPU.Build.0 = Debug|Any CPU
		{453341AA-9244-48F0-BEA8-A2CB1B332E18}.Debug|Any CPU.Deploy.0 = Debug|Any CPU
		{453341AA-9244-48F0-BEA8-A2CB1B332E18}.Debug|ARM.ActiveCfg = Debug|Any CPU
		{453341AA-9244-48F0-BEA8-A2CB1B332E18}.Debug|ARM.Build.0 = Debug|Any CPU
		{453341AA-9244-48F0-BEA8-A2CB1B332E18}.Debug|ARM.Deploy.0 = Debug|Any CPU
		{453341AA-9244-48F0-BEA8-A2CB1B332E18}.Debug|iPhone.ActiveCfg = Debug|Any CPU
		{453341AA-9244-48F0-BEA8-A2CB1B332E18}.Debug|iPhone.Build.0 = Debug|Any CPU
		{453341AA-9244-48F0-BEA8-A2CB1B332E18}.Debug|iPhone.Deploy.0 = Debug|Any CPU
		{453341AA-9244-48F0-BEA8-A2CB1B332E18}.Debug|iPhoneSimulator.ActiveCfg = Debug|Any CPU
		{453341AA-9244-48F0-BEA8-A2CB1B332E18}.Debug|iPhoneSimulator.Build.0 = Debug|Any CPU
		{453341AA-9244-48F0-BEA8-A2CB1B332E18}.Debug|iPhoneSimulator.Deploy.0 = Debug|Any CPU
		{453341AA-9244-48F0-BEA8-A2CB1B332E18}.Debug|x64.ActiveCfg = Debug|Any CPU
		{453341AA-9244-48F0-BEA8-A2CB1B332E18}.Debug|x64.Build.0 = Debug|Any CPU
		{453341AA-9244-48F0-BEA8-A2CB1B332E18}.Debug|x64.Deploy.0 = Debug|Any CPU
		{453341AA-9244-48F0-BEA8-A2CB1B332E18}.Debug|x86.ActiveCfg = Debug|Any CPU
		{453341AA-9244-48F0-BEA8-A2CB1B332E18}.Debug|x86.Build.0 = Debug|Any CPU
		{453341AA-9244-48F0-BEA8-A2CB1B332E18}.Debug|x86.Deploy.0 = Debug|Any CPU
		{453341AA-9244-48F0-BEA8-A2CB1B332E18}.Release|Any CPU.ActiveCfg = Release|Any CPU
		{453341AA-9244-48F0-BEA8-A2CB1B332E18}.Release|Any CPU.Build.0 = Release|Any CPU
		{453341AA-9244-48F0-BEA8-A2CB1B332E18}.Release|Any CPU.Deploy.0 = Release|Any CPU
		{453341AA-9244-48F0-BEA8-A2CB1B332E18}.Release|ARM.ActiveCfg = Release|Any CPU
		{453341AA-9244-48F0-BEA8-A2CB1B332E18}.Release|ARM.Build.0 = Release|Any CPU
		{453341AA-9244-48F0-BEA8-A2CB1B332E18}.Release|ARM.Deploy.0 = Release|Any CPU
		{453341AA-9244-48F0-BEA8-A2CB1B332E18}.Release|iPhone.ActiveCfg = Release|Any CPU
		{453341AA-9244-48F0-BEA8-A2CB1B332E18}.Release|iPhone.Build.0 = Release|Any CPU
		{453341AA-9244-48F0-BEA8-A2CB1B332E18}.Release|iPhone.Deploy.0 = Release|Any CPU
		{453341AA-9244-48F0-BEA8-A2CB1B332E18}.Release|iPhoneSimulator.ActiveCfg = Release|Any CPU
		{453341AA-9244-48F0-BEA8-A2CB1B332E18}.Release|iPhoneSimulator.Build.0 = Release|Any CPU
		{453341AA-9244-48F0-BEA8-A2CB1B332E18}.Release|iPhoneSimulator.Deploy.0 = Release|Any CPU
		{453341AA-9244-48F0-BEA8-A2CB1B332E18}.Release|x64.ActiveCfg = Release|Any CPU
		{453341AA-9244-48F0-BEA8-A2CB1B332E18}.Release|x64.Build.0 = Release|Any CPU
		{453341AA-9244-48F0-BEA8-A2CB1B332E18}.Release|x64.Deploy.0 = Release|Any CPU
		{453341AA-9244-48F0-BEA8-A2CB1B332E18}.Release|x86.ActiveCfg = Release|Any CPU
		{453341AA-9244-48F0-BEA8-A2CB1B332E18}.Release|x86.Build.0 = Release|Any CPU
		{453341AA-9244-48F0-BEA8-A2CB1B332E18}.Release|x86.Deploy.0 = Release|Any CPU
	EndGlobalSection
	GlobalSection(SolutionProperties) = preSolution
		HideSolutionNode = FALSE
	EndGlobalSection
	GlobalSection(ExtensibilityGlobals) = postSolution
		SolutionGuid = {788EAE7F-4501-430B-988B-1D81F2A1FEF9}
	EndGlobalSection
EndGlobal
